
Microsoft Visual Studio Solution File, Format Version 12.00
# Visual Studio Version 16
VisualStudioVersion = 16.0.34407.143
MinimumVisualStudioVersion = 10.0.40219.1
Project("{8BC9CEB8-8B4A-11D0-8D11-00A0C91BC942}") = "Even or odd", "Even or odd\Even or odd.vcxproj", "{55912523-6C2D-448F-A28A-9BBA21B5C33A}"
EndProject
Global
	GlobalSection(SolutionConfigurationPlatforms) = preSolution
		Debug|x64 = Debug|x64
		Debug|x86 = Debug|x86
		Release|x64 = Release|x64
		Release|x86 = Release|x86
	EndGlobalSection
	GlobalSection(ProjectConfigurationPlatforms) = postSolution
		{55912523-6C2D-448F-A28A-9BBA21B5C33A}.Debug|x64.ActiveCfg = Debug|x64
		{55912523-6C2D-448F-A28A-9BBA21B5C33A}.Debug|x64.Build.0 = Debug|x64
		{55912523-6C2D-448F-A28A-9BBA21B5C33A}.Debug|x86.ActiveCfg = Debug|Win32
		{55912523-6C2D-448F-A28A-9BBA21B5C33A}.Debug|x86.Build.0 = Debug|Win32
		{55912523-6C2D-448F-A28A-9BBA21B5C33A}.Release|x64.ActiveCfg = Release|x64
		{55912523-6C2D-448F-A28A-9BBA21B5C33A}.Release|x64.Build.0 = Release|x64
		{55912523-6C2D-448F-A28A-9BBA21B5C33A}.Release|x86.ActiveCfg = Release|Win32
		{55912523-6C2D-448F-A28A-9BBA21B5C33A}.Release|x86.Build.0 = Release|Win32
	EndGlobalSection
	GlobalSection(SolutionProperties) = preSolution
		HideSolutionNode = FALSE
	EndGlobalSection
	GlobalSection(ExtensibilityGlobals) = postSolution
		SolutionGuid = {2A4528E6-0D6E-461D-BB24-602C6BEE975A}
	EndGlobalSection
EndGlobal
